
Microsoft Visual Studio Solution File, Format Version 12.00
# Visual Studio Version 16
VisualStudioVersion = 16.0.29509.3
MinimumVisualStudioVersion = 10.0.40219.1
Project("{9A19103F-16F7-4668-BE54-9A1E7A4F7556}") = "middlerApp.SharedModels", "source\middlerApp.SharedModels\middlerApp.SharedModels.csproj", "{AEC90A19-971D-49F6-91B3-387FF4F87703}"
EndProject
Project("{9A19103F-16F7-4668-BE54-9A1E7A4F7556}") = "middlerApp.API", "source\middlerApp.API\middlerApp.API.csproj", "{3D9342D6-3665-49B9-BDDF-1AD4D2A60A26}"
EndProject
Project("{9A19103F-16F7-4668-BE54-9A1E7A4F7556}") = "middlerApp.Core.DataAccess.SqlServer", "source\middlerCore\middlerApp.Core.DataAccess.SqlServer\middlerApp.Core.DataAccess.SqlServer.csproj", "{E9A84B5A-44E1-4D95-9D67-EC4E509B1996}"
EndProject
Project("{9A19103F-16F7-4668-BE54-9A1E7A4F7556}") = "middlerApp.Core.DataAccess.Entities", "source\middlerCore\middlerApp.Core.DataAccess.Entities\middlerApp.Core.DataAccess.Entities.csproj", "{42BA3BBB-E142-4A2A-B4A8-6C5DBD80BDC7}"
EndProject
Project("{2150E333-8FDC-42A3-9474-1A3956D46DE8}") = "middlerCore", "middlerCore", "{BF6BE339-F58D-43E2-936A-72558E602BC6}"
EndProject
Project("{9A19103F-16F7-4668-BE54-9A1E7A4F7556}") = "middlerApp.IDP.DataAccess.SqlServer", "source\middlerIdp\middlerApp.IDP.DataAccess.SqlServer\middlerApp.IDP.DataAccess.SqlServer.csproj", "{E3EC4B5E-21B4-48AB-9EA5-F7FA86A6770B}"
EndProject
Project("{9A19103F-16F7-4668-BE54-9A1E7A4F7556}") = "middlerApp.IDP.DataAccess.Entities", "source\middlerIdp\middlerApp.IDP.DataAccess.Entities\middlerApp.IDP.DataAccess.Entities.csproj", "{18CD3547-0489-4CAA-B1E0-B8DF8DABF85E}"
EndProject
Project("{9A19103F-16F7-4668-BE54-9A1E7A4F7556}") = "middlerApp.IDP.Library", "source\middlerIdp\middlerApp.IDP.Library\middlerApp.IDP.Library.csproj", "{3C3D80F8-4BCC-4014-A14F-9428C09B5FF3}"
EndProject
Project("{9A19103F-16F7-4668-BE54-9A1E7A4F7556}") = "middlerApp.Core.Repository", "source\middlerCore\middlerApp.Core.Repository\middlerApp.Core.Repository.csproj", "{A4FE6B20-55CC-4ECA-B0B7-594D59B16DE2}"
EndProject
Project("{9A19103F-16F7-4668-BE54-9A1E7A4F7556}") = "middlerApp.Events", "source\middlerApp.Events\middlerApp.Events.csproj", "{1AFC9AF5-4CEB-4DFA-BC9B-0334781CDFBC}"
EndProject
Project("{2150E333-8FDC-42A3-9474-1A3956D46DE8}") = "Build", "Build", "{BE5E18A3-FA6A-46EA-8DF1-0B34006F6792}"
EndProject
Project("{2150E333-8FDC-42A3-9474-1A3956D46DE8}") = "middlerIdp", "middlerIdp", "{D47D10A5-0C22-4593-851B-3ABD869E6CC3}"
EndProject
Project("{9A19103F-16F7-4668-BE54-9A1E7A4F7556}") = "middlerApp.Core.MigrationBuilder", "source\middlerCore\middlerApp.Core.MigrationBuilder\middlerApp.Core.MigrationBuilder.csproj", "{1901A187-9DA2-40A4-BF63-CDC22F4C3753}"
EndProject
Project("{9A19103F-16F7-4668-BE54-9A1E7A4F7556}") = "middlerApp.Core.DataAccess.Sqlite", "source\middlerCore\middlerApp.Core.DataAccess.Sqlite\middlerApp.Core.DataAccess.Sqlite.csproj", "{28181D28-02AF-49B8-B9CB-82988FFFFD07}"
EndProject
Project("{9A19103F-16F7-4668-BE54-9A1E7A4F7556}") = "middlerApp.Core.DataAccess", "source\middlerCore\middlerApp.Core.DataAccess\middlerApp.Core.DataAccess.csproj", "{051873DD-5461-42CD-9577-F8092DC06964}"
EndProject
Project("{9A19103F-16F7-4668-BE54-9A1E7A4F7556}") = "middlerApp.IDP.DataAccess", "source\middlerIdp\middlerApp.IDP.DataAccess\middlerApp.IDP.DataAccess.csproj", "{634D028B-D153-4F39-9B6F-82D9534BBAC6}"
EndProject
Project("{9A19103F-16F7-4668-BE54-9A1E7A4F7556}") = "middlerApp.IDP.DataAccess.Sqlite", "source\middlerIdp\middlerApp.IDP.DataAccess.Sqlite\middlerApp.IDP.DataAccess.Sqlite.csproj", "{F60C6F4E-0A5E-4DB4-92BA-84E793D078DD}"
EndProject
Project("{9A19103F-16F7-4668-BE54-9A1E7A4F7556}") = "middlerApp.Core.DataAccess.Postgres", "source\middlerCore\middlerApp.Core.DataAccess.Postgres\middlerApp.Core.DataAccess.Postgres.csproj", "{8C8F3D5B-92E1-4BEF-A485-36D22B01ECD2}"
EndProject
Project("{9A19103F-16F7-4668-BE54-9A1E7A4F7556}") = "middlerApp.IDP.MigrationBuilder", "source\middlerIdp\middlerApp.IDP.MigrationBuilder\middlerApp.IDP.MigrationBuilder.csproj", "{ACA8556E-5F24-4388-9C97-F5B3F9EF10A1}"
EndProject
Project("{9A19103F-16F7-4668-BE54-9A1E7A4F7556}") = "middlerApp.IDP.DataAccess.Postgres", "source\middlerIdp\middlerApp.IDP.DataAccess.Postgres\middlerApp.IDP.DataAccess.Postgres.csproj", "{1CBEB931-7E22-4735-A316-740703323DEA}"
EndProject
Project("{9A19103F-16F7-4668-BE54-9A1E7A4F7556}") = "middlerApp.Ldap", "middlerApp.Ldap\middlerApp.Ldap.csproj", "{FA29C16B-5548-4478-864D-19E1F7AC804D}"
EndProject
Project("{9A19103F-16F7-4668-BE54-9A1E7A4F7556}") = "middlerApp.Agents.Shared", "middlerApp.Agents.Shared\middlerApp.Agents.Shared.csproj", "{16A023B8-50C8-4DB2-A508-FED9DDB4FA70}"
EndProject
Project("{9A19103F-16F7-4668-BE54-9A1E7A4F7556}") = "_build", "_build\_build.csproj", "{55CFAC9A-E476-495E-8DF2-C3D03D8DE50C}"
EndProject
Project("{2150E333-8FDC-42A3-9474-1A3956D46DE8}") = "ScripterModules", "ScripterModules", "{399EEF27-4D97-4181-BAB9-461ACB7D459F}"
EndProject
Project("{9A19103F-16F7-4668-BE54-9A1E7A4F7556}") = "middlerApp.GlobalVariables.ScripterModule", "source\middlerApp.GlobalVariables.ScripterModule\middlerApp.GlobalVariables.ScripterModule.csproj", "{438001A3-8712-4661-83B2-39144AE0ACD1}"
EndProject
Project("{9A19103F-16F7-4668-BE54-9A1E7A4F7556}") = "JintTsDefinition", "source\JintTsDefinition\JintTsDefinition.csproj", "{3272E1B3-0C9F-411A-8047-2F11A9191C66}"
EndProject
Project("{9A19103F-16F7-4668-BE54-9A1E7A4F7556}") = "TestModule", "source\TestModule\TestModule.csproj", "{24A00B3C-F828-4C7D-956B-901C3A5C5272}"
EndProject
Global
	GlobalSection(SolutionConfigurationPlatforms) = preSolution
		Debug|Any CPU = Debug|Any CPU
		Release|Any CPU = Release|Any CPU
	EndGlobalSection
	GlobalSection(ProjectConfigurationPlatforms) = postSolution
		{AEC90A19-971D-49F6-91B3-387FF4F87703}.Debug|Any CPU.ActiveCfg = Debug|Any CPU
		{AEC90A19-971D-49F6-91B3-387FF4F87703}.Debug|Any CPU.Build.0 = Debug|Any CPU
		{AEC90A19-971D-49F6-91B3-387FF4F87703}.Release|Any CPU.ActiveCfg = Release|Any CPU
		{AEC90A19-971D-49F6-91B3-387FF4F87703}.Release|Any CPU.Build.0 = Release|Any CPU
		{3D9342D6-3665-49B9-BDDF-1AD4D2A60A26}.Debug|Any CPU.ActiveCfg = Debug|Any CPU
		{3D9342D6-3665-49B9-BDDF-1AD4D2A60A26}.Debug|Any CPU.Build.0 = Debug|Any CPU
		{3D9342D6-3665-49B9-BDDF-1AD4D2A60A26}.Release|Any CPU.ActiveCfg = Release|Any CPU
		{3D9342D6-3665-49B9-BDDF-1AD4D2A60A26}.Release|Any CPU.Build.0 = Release|Any CPU
		{E9A84B5A-44E1-4D95-9D67-EC4E509B1996}.Debug|Any CPU.ActiveCfg = Debug|Any CPU
		{E9A84B5A-44E1-4D95-9D67-EC4E509B1996}.Debug|Any CPU.Build.0 = Debug|Any CPU
		{E9A84B5A-44E1-4D95-9D67-EC4E509B1996}.Release|Any CPU.ActiveCfg = Release|Any CPU
		{E9A84B5A-44E1-4D95-9D67-EC4E509B1996}.Release|Any CPU.Build.0 = Release|Any CPU
		{42BA3BBB-E142-4A2A-B4A8-6C5DBD80BDC7}.Debug|Any CPU.ActiveCfg = Debug|Any CPU
		{42BA3BBB-E142-4A2A-B4A8-6C5DBD80BDC7}.Debug|Any CPU.Build.0 = Debug|Any CPU
		{42BA3BBB-E142-4A2A-B4A8-6C5DBD80BDC7}.Release|Any CPU.ActiveCfg = Release|Any CPU
		{42BA3BBB-E142-4A2A-B4A8-6C5DBD80BDC7}.Release|Any CPU.Build.0 = Release|Any CPU
		{E3EC4B5E-21B4-48AB-9EA5-F7FA86A6770B}.Debug|Any CPU.ActiveCfg = Debug|Any CPU
		{E3EC4B5E-21B4-48AB-9EA5-F7FA86A6770B}.Debug|Any CPU.Build.0 = Debug|Any CPU
		{E3EC4B5E-21B4-48AB-9EA5-F7FA86A6770B}.Release|Any CPU.ActiveCfg = Release|Any CPU
		{E3EC4B5E-21B4-48AB-9EA5-F7FA86A6770B}.Release|Any CPU.Build.0 = Release|Any CPU
		{18CD3547-0489-4CAA-B1E0-B8DF8DABF85E}.Debug|Any CPU.ActiveCfg = Debug|Any CPU
		{18CD3547-0489-4CAA-B1E0-B8DF8DABF85E}.Debug|Any CPU.Build.0 = Debug|Any CPU
		{18CD3547-0489-4CAA-B1E0-B8DF8DABF85E}.Release|Any CPU.ActiveCfg = Release|Any CPU
		{18CD3547-0489-4CAA-B1E0-B8DF8DABF85E}.Release|Any CPU.Build.0 = Release|Any CPU
		{3C3D80F8-4BCC-4014-A14F-9428C09B5FF3}.Debug|Any CPU.ActiveCfg = Debug|Any CPU
		{3C3D80F8-4BCC-4014-A14F-9428C09B5FF3}.Debug|Any CPU.Build.0 = Debug|Any CPU
		{3C3D80F8-4BCC-4014-A14F-9428C09B5FF3}.Release|Any CPU.ActiveCfg = Release|Any CPU
		{3C3D80F8-4BCC-4014-A14F-9428C09B5FF3}.Release|Any CPU.Build.0 = Release|Any CPU
		{A4FE6B20-55CC-4ECA-B0B7-594D59B16DE2}.Debug|Any CPU.ActiveCfg = Debug|Any CPU
		{A4FE6B20-55CC-4ECA-B0B7-594D59B16DE2}.Debug|Any CPU.Build.0 = Debug|Any CPU
		{A4FE6B20-55CC-4ECA-B0B7-594D59B16DE2}.Release|Any CPU.ActiveCfg = Release|Any CPU
		{A4FE6B20-55CC-4ECA-B0B7-594D59B16DE2}.Release|Any CPU.Build.0 = Release|Any CPU
		{1AFC9AF5-4CEB-4DFA-BC9B-0334781CDFBC}.Debug|Any CPU.ActiveCfg = Debug|Any CPU
		{1AFC9AF5-4CEB-4DFA-BC9B-0334781CDFBC}.Debug|Any CPU.Build.0 = Debug|Any CPU
		{1AFC9AF5-4CEB-4DFA-BC9B-0334781CDFBC}.Release|Any CPU.ActiveCfg = Release|Any CPU
		{1AFC9AF5-4CEB-4DFA-BC9B-0334781CDFBC}.Release|Any CPU.Build.0 = Release|Any CPU
		{1901A187-9DA2-40A4-BF63-CDC22F4C3753}.Debug|Any CPU.ActiveCfg = Debug|Any CPU
		{1901A187-9DA2-40A4-BF63-CDC22F4C3753}.Debug|Any CPU.Build.0 = Debug|Any CPU
		{1901A187-9DA2-40A4-BF63-CDC22F4C3753}.Release|Any CPU.ActiveCfg = Release|Any CPU
		{1901A187-9DA2-40A4-BF63-CDC22F4C3753}.Release|Any CPU.Build.0 = Release|Any CPU
		{28181D28-02AF-49B8-B9CB-82988FFFFD07}.Debug|Any CPU.ActiveCfg = Debug|Any CPU
		{28181D28-02AF-49B8-B9CB-82988FFFFD07}.Debug|Any CPU.Build.0 = Debug|Any CPU
		{28181D28-02AF-49B8-B9CB-82988FFFFD07}.Release|Any CPU.ActiveCfg = Release|Any CPU
		{28181D28-02AF-49B8-B9CB-82988FFFFD07}.Release|Any CPU.Build.0 = Release|Any CPU
		{051873DD-5461-42CD-9577-F8092DC06964}.Debug|Any CPU.ActiveCfg = Debug|Any CPU
		{051873DD-5461-42CD-9577-F8092DC06964}.Debug|Any CPU.Build.0 = Debug|Any CPU
		{051873DD-5461-42CD-9577-F8092DC06964}.Release|Any CPU.ActiveCfg = Release|Any CPU
		{051873DD-5461-42CD-9577-F8092DC06964}.Release|Any CPU.Build.0 = Release|Any CPU
		{634D028B-D153-4F39-9B6F-82D9534BBAC6}.Debug|Any CPU.ActiveCfg = Debug|Any CPU
		{634D028B-D153-4F39-9B6F-82D9534BBAC6}.Debug|Any CPU.Build.0 = Debug|Any CPU
		{634D028B-D153-4F39-9B6F-82D9534BBAC6}.Release|Any CPU.ActiveCfg = Release|Any CPU
		{634D028B-D153-4F39-9B6F-82D9534BBAC6}.Release|Any CPU.Build.0 = Release|Any CPU
		{F60C6F4E-0A5E-4DB4-92BA-84E793D078DD}.Debug|Any CPU.ActiveCfg = Debug|Any CPU
		{F60C6F4E-0A5E-4DB4-92BA-84E793D078DD}.Debug|Any CPU.Build.0 = Debug|Any CPU
		{F60C6F4E-0A5E-4DB4-92BA-84E793D078DD}.Release|Any CPU.ActiveCfg = Release|Any CPU
		{F60C6F4E-0A5E-4DB4-92BA-84E793D078DD}.Release|Any CPU.Build.0 = Release|Any CPU
		{8C8F3D5B-92E1-4BEF-A485-36D22B01ECD2}.Debug|Any CPU.ActiveCfg = Debug|Any CPU
		{8C8F3D5B-92E1-4BEF-A485-36D22B01ECD2}.Debug|Any CPU.Build.0 = Debug|Any CPU
		{8C8F3D5B-92E1-4BEF-A485-36D22B01ECD2}.Release|Any CPU.ActiveCfg = Release|Any CPU
		{8C8F3D5B-92E1-4BEF-A485-36D22B01ECD2}.Release|Any CPU.Build.0 = Release|Any CPU
		{ACA8556E-5F24-4388-9C97-F5B3F9EF10A1}.Debug|Any CPU.ActiveCfg = Debug|Any CPU
		{ACA8556E-5F24-4388-9C97-F5B3F9EF10A1}.Debug|Any CPU.Build.0 = Debug|Any CPU
		{ACA8556E-5F24-4388-9C97-F5B3F9EF10A1}.Release|Any CPU.ActiveCfg = Release|Any CPU
		{ACA8556E-5F24-4388-9C97-F5B3F9EF10A1}.Release|Any CPU.Build.0 = Release|Any CPU
		{1CBEB931-7E22-4735-A316-740703323DEA}.Debug|Any CPU.ActiveCfg = Debug|Any CPU
		{1CBEB931-7E22-4735-A316-740703323DEA}.Debug|Any CPU.Build.0 = Debug|Any CPU
		{1CBEB931-7E22-4735-A316-740703323DEA}.Release|Any CPU.ActiveCfg = Release|Any CPU
		{1CBEB931-7E22-4735-A316-740703323DEA}.Release|Any CPU.Build.0 = Release|Any CPU
		{FA29C16B-5548-4478-864D-19E1F7AC804D}.Debug|Any CPU.ActiveCfg = Debug|Any CPU
		{FA29C16B-5548-4478-864D-19E1F7AC804D}.Debug|Any CPU.Build.0 = Debug|Any CPU
		{FA29C16B-5548-4478-864D-19E1F7AC804D}.Release|Any CPU.ActiveCfg = Release|Any CPU
		{FA29C16B-5548-4478-864D-19E1F7AC804D}.Release|Any CPU.Build.0 = Release|Any CPU
		{16A023B8-50C8-4DB2-A508-FED9DDB4FA70}.Debug|Any CPU.ActiveCfg = Debug|Any CPU
		{16A023B8-50C8-4DB2-A508-FED9DDB4FA70}.Debug|Any CPU.Build.0 = Debug|Any CPU
		{16A023B8-50C8-4DB2-A508-FED9DDB4FA70}.Release|Any CPU.ActiveCfg = Release|Any CPU
		{16A023B8-50C8-4DB2-A508-FED9DDB4FA70}.Release|Any CPU.Build.0 = Release|Any CPU
		{55CFAC9A-E476-495E-8DF2-C3D03D8DE50C}.Debug|Any CPU.ActiveCfg = Debug|Any CPU
		{55CFAC9A-E476-495E-8DF2-C3D03D8DE50C}.Release|Any CPU.ActiveCfg = Release|Any CPU
		{438001A3-8712-4661-83B2-39144AE0ACD1}.Debug|Any CPU.ActiveCfg = Debug|Any CPU
		{438001A3-8712-4661-83B2-39144AE0ACD1}.Debug|Any CPU.Build.0 = Debug|Any CPU
		{438001A3-8712-4661-83B2-39144AE0ACD1}.Release|Any CPU.ActiveCfg = Release|Any CPU
		{438001A3-8712-4661-83B2-39144AE0ACD1}.Release|Any CPU.Build.0 = Release|Any CPU
		{3272E1B3-0C9F-411A-8047-2F11A9191C66}.Debug|Any CPU.ActiveCfg = Debug|Any CPU
		{3272E1B3-0C9F-411A-8047-2F11A9191C66}.Debug|Any CPU.Build.0 = Debug|Any CPU
		{3272E1B3-0C9F-411A-8047-2F11A9191C66}.Release|Any CPU.ActiveCfg = Release|Any CPU
		{3272E1B3-0C9F-411A-8047-2F11A9191C66}.Release|Any CPU.Build.0 = Release|Any CPU
		{24A00B3C-F828-4C7D-956B-901C3A5C5272}.Debug|Any CPU.ActiveCfg = Debug|Any CPU
		{24A00B3C-F828-4C7D-956B-901C3A5C5272}.Debug|Any CPU.Build.0 = Debug|Any CPU
		{24A00B3C-F828-4C7D-956B-901C3A5C5272}.Release|Any CPU.ActiveCfg = Release|Any CPU
		{24A00B3C-F828-4C7D-956B-901C3A5C5272}.Release|Any CPU.Build.0 = Release|Any CPU
	EndGlobalSection
	GlobalSection(SolutionProperties) = preSolution
		HideSolutionNode = FALSE
	EndGlobalSection
	GlobalSection(NestedProjects) = preSolution
		{E9A84B5A-44E1-4D95-9D67-EC4E509B1996} = {BF6BE339-F58D-43E2-936A-72558E602BC6}
		{42BA3BBB-E142-4A2A-B4A8-6C5DBD80BDC7} = {BF6BE339-F58D-43E2-936A-72558E602BC6}
		{E3EC4B5E-21B4-48AB-9EA5-F7FA86A6770B} = {D47D10A5-0C22-4593-851B-3ABD869E6CC3}
		{18CD3547-0489-4CAA-B1E0-B8DF8DABF85E} = {D47D10A5-0C22-4593-851B-3ABD869E6CC3}
		{3C3D80F8-4BCC-4014-A14F-9428C09B5FF3} = {D47D10A5-0C22-4593-851B-3ABD869E6CC3}
		{A4FE6B20-55CC-4ECA-B0B7-594D59B16DE2} = {BF6BE339-F58D-43E2-936A-72558E602BC6}
		{1901A187-9DA2-40A4-BF63-CDC22F4C3753} = {BF6BE339-F58D-43E2-936A-72558E602BC6}
		{28181D28-02AF-49B8-B9CB-82988FFFFD07} = {BF6BE339-F58D-43E2-936A-72558E602BC6}
		{051873DD-5461-42CD-9577-F8092DC06964} = {BF6BE339-F58D-43E2-936A-72558E602BC6}
		{634D028B-D153-4F39-9B6F-82D9534BBAC6} = {D47D10A5-0C22-4593-851B-3ABD869E6CC3}
		{F60C6F4E-0A5E-4DB4-92BA-84E793D078DD} = {D47D10A5-0C22-4593-851B-3ABD869E6CC3}
		{8C8F3D5B-92E1-4BEF-A485-36D22B01ECD2} = {BF6BE339-F58D-43E2-936A-72558E602BC6}
		{ACA8556E-5F24-4388-9C97-F5B3F9EF10A1} = {D47D10A5-0C22-4593-851B-3ABD869E6CC3}
		{1CBEB931-7E22-4735-A316-740703323DEA} = {D47D10A5-0C22-4593-851B-3ABD869E6CC3}
		{55CFAC9A-E476-495E-8DF2-C3D03D8DE50C} = {BE5E18A3-FA6A-46EA-8DF1-0B34006F6792}
		{438001A3-8712-4661-83B2-39144AE0ACD1} = {399EEF27-4D97-4181-BAB9-461ACB7D459F}
		{24A00B3C-F828-4C7D-956B-901C3A5C5272} = {399EEF27-4D97-4181-BAB9-461ACB7D459F}
	EndGlobalSection
	GlobalSection(ExtensibilityGlobals) = postSolution
		SolutionGuid = {ECBFE8B3-32B9-4E5F-A53F-F44D9F75C288}
	EndGlobalSection
EndGlobal
